
Microsoft Visual Studio Solution File, Format Version 12.00
# Visual Studio Version 17
VisualStudioVersion = 17.13.35931.197 d17.13
MinimumVisualStudioVersion = 10.0.40219.1
Project("{FAE04EC0-301F-11D3-BF4B-00C04F79EFBC}") = "SmartTimeTable", "SmartTimeTable\SmartTimeTable.csproj", "{DD807935-6420-4470-84DF-E5A188EAEA41}"
EndProject
Global
	GlobalSection(SolutionConfigurationPlatforms) = preSolution
		Debug|Any CPU = Debug|Any CPU
		Release|Any CPU = Release|Any CPU
	EndGlobalSection
	GlobalSection(ProjectConfigurationPlatforms) = postSolution
		{DD807935-6420-4470-84DF-E5A188EAEA41}.Debug|Any CPU.ActiveCfg = Debug|Any CPU
		{DD807935-6420-4470-84DF-E5A188EAEA41}.Debug|Any CPU.Build.0 = Debug|Any CPU
		{DD807935-6420-4470-84DF-E5A188EAEA41}.Release|Any CPU.ActiveCfg = Release|Any CPU
		{DD807935-6420-4470-84DF-E5A188EAEA41}.Release|Any CPU.Build.0 = Release|Any CPU
	EndGlobalSection
	GlobalSection(SolutionProperties) = preSolution
		HideSolutionNode = FALSE
	EndGlobalSection
	GlobalSection(ExtensibilityGlobals) = postSolution
		SolutionGuid = {12EF1CA6-7120-4706-A2FD-7358F170A8C3}
	EndGlobalSection
EndGlobal
